
Microsoft Visual Studio Solution File, Format Version 12.00
# Visual Studio Version 17
VisualStudioVersion = 17.8.34322.80
MinimumVisualStudioVersion = 10.0.40219.1
Project("{2150E333-8FDC-42A3-9474-1A3956D46DE8}") = "CQRS-ES", "CQRS-ES", "{F24C4176-B2A1-4563-B194-04F4A9577BD2}"
EndProject
Project("{2150E333-8FDC-42A3-9474-1A3956D46DE8}") = "SM-Post", "SM-Post", "{20C895E4-5BF6-4F84-9F5B-661E64EC0D60}"
EndProject
Project("{9A19103F-16F7-4668-BE54-9A1E7A4F7556}") = "CQRS.Core", "CQRS-ES\CQRS.Core\CQRS.Core.csproj", "{6D9F9826-1683-4147-87C6-A93229B0E55E}"
EndProject
Project("{FAE04EC0-301F-11D3-BF4B-00C04F79EFBC}") = "Post.Cmd.Api", "SM-Post\Post.Cmd\Post.Cmd.Api\Post.Cmd.Api.csproj", "{9080F613-3344-4A8F-BEF4-0D7B31AC95A0}"
EndProject
Project("{2150E333-8FDC-42A3-9474-1A3956D46DE8}") = "Post.Cmd", "Post.Cmd", "{148F24D7-52D6-45F8-A725-4C9136AB1B96}"
EndProject
Project("{2150E333-8FDC-42A3-9474-1A3956D46DE8}") = "Post.Query", "Post.Query", "{0BF081AD-6A9E-4F92-A813-9A70DF2A8869}"
EndProject
Project("{FAE04EC0-301F-11D3-BF4B-00C04F79EFBC}") = "Post.Cmd.Domain", "SM-Post\Post.Cmd\Post.Cmd.Domain\Post.Cmd.Domain.csproj", "{6BE34DAA-CF7F-410B-A579-14746B89C9BA}"
EndProject
Project("{FAE04EC0-301F-11D3-BF4B-00C04F79EFBC}") = "Post.Cmd.Infrastructure", "SM-Post\Post.Cmd\Post.Cmd.Infrastructure\Post.Cmd.Infrastructure.csproj", "{D6CC4103-3972-4976-8A22-A7FFB0E8ADCE}"
EndProject
Project("{FAE04EC0-301F-11D3-BF4B-00C04F79EFBC}") = "Post.Query.Api", "SM-Post\Post.Query\Post.Query.Api\Post.Query.Api.csproj", "{8347A2BB-4C0A-4572-B3D5-5E52D103DD00}"
EndProject
Project("{FAE04EC0-301F-11D3-BF4B-00C04F79EFBC}") = "Post.Query.Domain", "SM-Post\Post.Query\Post.Query.Domain\Post.Query.Domain.csproj", "{88F4A9CC-5917-42F2-8949-5910AA171F89}"
EndProject
Project("{FAE04EC0-301F-11D3-BF4B-00C04F79EFBC}") = "Post.Query.Infrastructure", "SM-Post\Post.Query\Post.Query.Infrastructure\Post.Query.Infrastructure.csproj", "{04CAADF5-01D8-42BB-A402-A3A9686E6A10}"
EndProject
Project("{2150E333-8FDC-42A3-9474-1A3956D46DE8}") = "Post.Common", "Post.Common", "{644FF295-FD12-4E02-9149-9F25617D9632}"
EndProject
Project("{9A19103F-16F7-4668-BE54-9A1E7A4F7556}") = "Post.Common", "SM-Post\Post.Common\Post.Common\Post.Common.csproj", "{89D2C6A1-4497-4DF2-8368-D89B749481AD}"
EndProject
Global
	GlobalSection(SolutionConfigurationPlatforms) = preSolution
		Debug|Any CPU = Debug|Any CPU
		Release|Any CPU = Release|Any CPU
	EndGlobalSection
	GlobalSection(ProjectConfigurationPlatforms) = postSolution
		{6D9F9826-1683-4147-87C6-A93229B0E55E}.Debug|Any CPU.ActiveCfg = Debug|Any CPU
		{6D9F9826-1683-4147-87C6-A93229B0E55E}.Debug|Any CPU.Build.0 = Debug|Any CPU
		{6D9F9826-1683-4147-87C6-A93229B0E55E}.Release|Any CPU.ActiveCfg = Release|Any CPU
		{6D9F9826-1683-4147-87C6-A93229B0E55E}.Release|Any CPU.Build.0 = Release|Any CPU
		{9080F613-3344-4A8F-BEF4-0D7B31AC95A0}.Debug|Any CPU.ActiveCfg = Debug|Any CPU
		{9080F613-3344-4A8F-BEF4-0D7B31AC95A0}.Debug|Any CPU.Build.0 = Debug|Any CPU
		{9080F613-3344-4A8F-BEF4-0D7B31AC95A0}.Release|Any CPU.ActiveCfg = Release|Any CPU
		{9080F613-3344-4A8F-BEF4-0D7B31AC95A0}.Release|Any CPU.Build.0 = Release|Any CPU
		{6BE34DAA-CF7F-410B-A579-14746B89C9BA}.Debug|Any CPU.ActiveCfg = Debug|Any CPU
		{6BE34DAA-CF7F-410B-A579-14746B89C9BA}.Debug|Any CPU.Build.0 = Debug|Any CPU
		{6BE34DAA-CF7F-410B-A579-14746B89C9BA}.Release|Any CPU.ActiveCfg = Release|Any CPU
		{6BE34DAA-CF7F-410B-A579-14746B89C9BA}.Release|Any CPU.Build.0 = Release|Any CPU
		{D6CC4103-3972-4976-8A22-A7FFB0E8ADCE}.Debug|Any CPU.ActiveCfg = Debug|Any CPU
		{D6CC4103-3972-4976-8A22-A7FFB0E8ADCE}.Debug|Any CPU.Build.0 = Debug|Any CPU
		{D6CC4103-3972-4976-8A22-A7FFB0E8ADCE}.Release|Any CPU.ActiveCfg = Release|Any CPU
		{D6CC4103-3972-4976-8A22-A7FFB0E8ADCE}.Release|Any CPU.Build.0 = Release|Any CPU
		{8347A2BB-4C0A-4572-B3D5-5E52D103DD00}.Debug|Any CPU.ActiveCfg = Debug|Any CPU
		{8347A2BB-4C0A-4572-B3D5-5E52D103DD00}.Debug|Any CPU.Build.0 = Debug|Any CPU
		{8347A2BB-4C0A-4572-B3D5-5E52D103DD00}.Release|Any CPU.ActiveCfg = Release|Any CPU
		{8347A2BB-4C0A-4572-B3D5-5E52D103DD00}.Release|Any CPU.Build.0 = Release|Any CPU
		{88F4A9CC-5917-42F2-8949-5910AA171F89}.Debug|Any CPU.ActiveCfg = Debug|Any CPU
		{88F4A9CC-5917-42F2-8949-5910AA171F89}.Debug|Any CPU.Build.0 = Debug|Any CPU
		{88F4A9CC-5917-42F2-8949-5910AA171F89}.Release|Any CPU.ActiveCfg = Release|Any CPU
		{88F4A9CC-5917-42F2-8949-5910AA171F89}.Release|Any CPU.Build.0 = Release|Any CPU
		{04CAADF5-01D8-42BB-A402-A3A9686E6A10}.Debug|Any CPU.ActiveCfg = Debug|Any CPU
		{04CAADF5-01D8-42BB-A402-A3A9686E6A10}.Debug|Any CPU.Build.0 = Debug|Any CPU
		{04CAADF5-01D8-42BB-A402-A3A9686E6A10}.Release|Any CPU.ActiveCfg = Release|Any CPU
		{04CAADF5-01D8-42BB-A402-A3A9686E6A10}.Release|Any CPU.Build.0 = Release|Any CPU
		{89D2C6A1-4497-4DF2-8368-D89B749481AD}.Debug|Any CPU.ActiveCfg = Debug|Any CPU
		{89D2C6A1-4497-4DF2-8368-D89B749481AD}.Debug|Any CPU.Build.0 = Debug|Any CPU
		{89D2C6A1-4497-4DF2-8368-D89B749481AD}.Release|Any CPU.ActiveCfg = Release|Any CPU
		{89D2C6A1-4497-4DF2-8368-D89B749481AD}.Release|Any CPU.Build.0 = Release|Any CPU
	EndGlobalSection
	GlobalSection(SolutionProperties) = preSolution
		HideSolutionNode = FALSE
	EndGlobalSection
	GlobalSection(NestedProjects) = preSolution
		{6D9F9826-1683-4147-87C6-A93229B0E55E} = {F24C4176-B2A1-4563-B194-04F4A9577BD2}
		{9080F613-3344-4A8F-BEF4-0D7B31AC95A0} = {148F24D7-52D6-45F8-A725-4C9136AB1B96}
		{148F24D7-52D6-45F8-A725-4C9136AB1B96} = {20C895E4-5BF6-4F84-9F5B-661E64EC0D60}
		{0BF081AD-6A9E-4F92-A813-9A70DF2A8869} = {20C895E4-5BF6-4F84-9F5B-661E64EC0D60}
		{6BE34DAA-CF7F-410B-A579-14746B89C9BA} = {148F24D7-52D6-45F8-A725-4C9136AB1B96}
		{D6CC4103-3972-4976-8A22-A7FFB0E8ADCE} = {148F24D7-52D6-45F8-A725-4C9136AB1B96}
		{8347A2BB-4C0A-4572-B3D5-5E52D103DD00} = {0BF081AD-6A9E-4F92-A813-9A70DF2A8869}
		{88F4A9CC-5917-42F2-8949-5910AA171F89} = {0BF081AD-6A9E-4F92-A813-9A70DF2A8869}
		{04CAADF5-01D8-42BB-A402-A3A9686E6A10} = {0BF081AD-6A9E-4F92-A813-9A70DF2A8869}
		{644FF295-FD12-4E02-9149-9F25617D9632} = {20C895E4-5BF6-4F84-9F5B-661E64EC0D60}
		{89D2C6A1-4497-4DF2-8368-D89B749481AD} = {644FF295-FD12-4E02-9149-9F25617D9632}
	EndGlobalSection
	GlobalSection(ExtensibilityGlobals) = postSolution
		SolutionGuid = {E9069D63-A424-4393-930E-067F45815DF4}
	EndGlobalSection
EndGlobal
